// !$*UTF8*$!
{
	archiveVersion = 1;
	classes = {
	};
	objectVersion = 46;
	objects = {

/* Begin PBXBuildFile section */
		F247DF3E1A128FDD00A875D2 /* AppDelegate.swift in Sources */ = {isa = PBXBuildFile; fileRef = F247DF3D1A128FDD00A875D2 /* AppDelegate.swift */; };
		F247DF401A128FDD00A875D2 /* ViewController.swift in Sources */ = {isa = PBXBuildFile; fileRef = F247DF3F1A128FDD00A875D2 /* ViewController.swift */; };
		F247DF431A128FDD00A875D2 /* Main.storyboard in Resources */ = {isa = PBXBuildFile; fileRef = F247DF411A128FDD00A875D2 /* Main.storyboard */; };
		F247DF451A128FDD00A875D2 /* Images.xcassets in Resources */ = {isa = PBXBuildFile; fileRef = F247DF441A128FDD00A875D2 /* Images.xcassets */; };
		F247DF481A128FDD00A875D2 /* LaunchScreen.xib in Resources */ = {isa = PBXBuildFile; fileRef = F247DF461A128FDD00A875D2 /* LaunchScreen.xib */; };
		F247DF541A128FDD00A875D2 /* _9RedBalloonsTests.swift in Sources */ = {isa = PBXBuildFile; fileRef = F247DF531A128FDD00A875D2 /* _9RedBalloonsTests.swift */; };
		F247DF631A12900800A875D2 /* BerlinTVTower.jpg in Resources */ = {isa = PBXBuildFile; fileRef = F247DF5E1A12900800A875D2 /* BerlinTVTower.jpg */; };
		F247DF641A12900800A875D2 /* RedBalloon1.jpg in Resources */ = {isa = PBXBuildFile; fileRef = F247DF5F1A12900800A875D2 /* RedBalloon1.jpg */; };
		F247DF651A12900800A875D2 /* RedBalloon2.jpg in Resources */ = {isa = PBXBuildFile; fileRef = F247DF601A12900800A875D2 /* RedBalloon2.jpg */; };
		F247DF661A12900800A875D2 /* RedBalloon3.jpg in Resources */ = {isa = PBXBuildFile; fileRef = F247DF611A12900800A875D2 /* RedBalloon3.jpg */; };
		F247DF671A12900800A875D2 /* RedBalloon4.jpg in Resources */ = {isa = PBXBuildFile; fileRef = F247DF621A12900800A875D2 /* RedBalloon4.jpg */; };
		F247DF691A1290E300A875D2 /* Balloons99.swift in Sources */ = {isa = PBXBuildFile; fileRef = F247DF681A1290E300A875D2 /* Balloons99.swift */; };
/* End PBXBuildFile section */

/* Begin PBXContainerItemProxy section */
		F247DF4E1A128FDD00A875D2 /* PBXContainerItemProxy */ = {
			isa = PBXContainerItemProxy;
			containerPortal = F247DF301A128FDD00A875D2 /* Project object */;
			proxyType = 1;
			remoteGlobalIDString = F247DF371A128FDD00A875D2;
			remoteInfo = 99RedBalloons;
		};
/* End PBXContainerItemProxy section */

/* Begin PBXFileReference section */
		F247DF381A128FDD00A875D2 /* 99RedBalloons.app */ = {isa = PBXFileReference; explicitFileType = wrapper.application; includeInIndex = 0; path = 99RedBalloons.app; sourceTree = BUILT_PRODUCTS_DIR; };
		F247DF3C1A128FDD00A875D2 /* Info.plist */ = {isa = PBXFileReference; lastKnownFileType = text.plist.xml; path = Info.plist; sourceTree = "<group>"; };
		F247DF3D1A128FDD00A875D2 /* AppDelegate.swift */ = {isa = PBXFileReference; lastKnownFileType = sourcecode.swift; path = AppDelegate.swift; sourceTree = "<group>"; };
		F247DF3F1A128FDD00A875D2 /* ViewController.swift */ = {isa = PBXFileReference; lastKnownFileType = sourcecode.swift; path = ViewController.swift; sourceTree = "<group>"; };
		F247DF421A128FDD00A875D2 /* Base */ = {isa = PBXFileReference; lastKnownFileType = file.storyboard; name = Base; path = Base.lproj/Main.storyboard; sourceTree = "<group>"; };
		F247DF441A128FDD00A875D2 /* Images.xcassets */ = {isa = PBXFileReference; lastKnownFileType = folder.assetcatalog; path = Images.xcassets; sourceTree = "<group>"; };
		F247DF471A128FDD00A875D2 /* Base */ = {isa = PBXFileReference; lastKnownFileType = file.xib; name = Base; path = Base.lproj/LaunchScreen.xib; sourceTree = "<group>"; };
		F247DF4D1A128FDD00A875D2 /* 99RedBalloonsTests.xctest */ = {isa = PBXFileReference; explicitFileType = wrapper.cfbundle; includeInIndex = 0; path = 99RedBalloonsTests.xctest; sourceTree = BUILT_PRODUCTS_DIR; };
		F247DF521A128FDD00A875D2 /* Info.plist */ = {isa = PBXFileReference; lastKnownFileType = text.plist.xml; path = Info.plist; sourceTree = "<group>"; };
		F247DF531A128FDD00A875D2 /* _9RedBalloonsTests.swift */ = {isa = PBXFileReference; lastKnownFileType = sourcecode.swift; path = _9RedBalloonsTests.swift; sourceTree = "<group>"; };
		F247DF5E1A12900800A875D2 /* BerlinTVTower.jpg */ = {isa = PBXFileReference; lastKnownFileType = image.jpeg; path = BerlinTVTower.jpg; sourceTree = "<group>"; };
		F247DF5F1A12900800A875D2 /* RedBalloon1.jpg */ = {isa = PBXFileReference; lastKnownFileType = image.jpeg; path = RedBalloon1.jpg; sourceTree = "<group>"; };
		F247DF601A12900800A875D2 /* RedBalloon2.jpg */ = {isa = PBXFileReference; lastKnownFileType = image.jpeg; path = RedBalloon2.jpg; sourceTree = "<group>"; };
		F247DF611A12900800A875D2 /* RedBalloon3.jpg */ = {isa = PBXFileReference; lastKnownFileType = image.jpeg; path = RedBalloon3.jpg; sourceTree = "<group>"; };
		F247DF621A12900800A875D2 /* RedBalloon4.jpg */ = {isa = PBXFileReference; lastKnownFileType = image.jpeg; path = RedBalloon4.jpg; sourceTree = "<group>"; };
		F247DF681A1290E300A875D2 /* Balloons99.swift */ = {isa = PBXFileReference; fileEncoding = 4; lastKnownFileType = sourcecode.swift; path = Balloons99.swift; sourceTree = "<group>"; };
/* End PBXFileReference section */

/* Begin PBXFrameworksBuildPhase section */
		F247DF351A128FDD00A875D2 /* Frameworks */ = {
			isa = PBXFrameworksBuildPhase;
			buildActionMask = 2147483647;
			files = (
			);
			runOnlyForDeploymentPostprocessing = 0;
		};
		F247DF4A1A128FDD00A875D2 /* Frameworks */ = {
			isa = PBXFrameworksBuildPhase;
			buildActionMask = 2147483647;
			files = (
			);
			runOnlyForDeploymentPostprocessing = 0;
		};
/* End PBXFrameworksBuildPhase section */

/* Begin PBXGroup section */
		F247DF2F1A128FDD00A875D2 = {
			isa = PBXGroup;
			children = (
				F247DF3A1A128FDD00A875D2 /* 99RedBalloons */,
				F247DF501A128FDD00A875D2 /* 99RedBalloonsTests */,
				F247DF391A128FDD00A875D2 /* Products */,
			);
			sourceTree = "<group>";
		};
		F247DF391A128FDD00A875D2 /* Products */ = {
			isa = PBXGroup;
			children = (
				F247DF381A128FDD00A875D2 /* 99RedBalloons.app */,
				F247DF4D1A128FDD00A875D2 /* 99RedBalloonsTests.xctest */,
			);
			name = Products;
			sourceTree = "<group>";
		};
		F247DF3A1A128FDD00A875D2 /* 99RedBalloons */ = {
			isa = PBXGroup;
			children = (
				F247DF3D1A128FDD00A875D2 /* AppDelegate.swift */,
				F247DF3F1A128FDD00A875D2 /* ViewController.swift */,
				F247DF681A1290E300A875D2 /* Balloons99.swift */,
				F247DF411A128FDD00A875D2 /* Main.storyboard */,
				F247DF441A128FDD00A875D2 /* Images.xcassets */,
				F247DF461A128FDD00A875D2 /* LaunchScreen.xib */,
				F247DF3B1A128FDD00A875D2 /* Supporting Files */,
			);
			path = 99RedBalloons;
			sourceTree = "<group>";
		};
		F247DF3B1A128FDD00A875D2 /* Supporting Files */ = {
			isa = PBXGroup;
			children = (
				F247DF5D1A12900800A875D2 /* 99RedBalloonsAssets */,
				F247DF3C1A128FDD00A875D2 /* Info.plist */,
			);
			name = "Supporting Files";
			sourceTree = "<group>";
		};
		F247DF501A128FDD00A875D2 /* 99RedBalloonsTests */ = {
			isa = PBXGroup;
			children = (
				F247DF531A128FDD00A875D2 /* _9RedBalloonsTests.swift */,
				F247DF511A128FDD00A875D2 /* Supporting Files */,
			);
			path = 99RedBalloonsTests;
			sourceTree = "<group>";
		};
		F247DF511A128FDD00A875D2 /* Supporting Files */ = {
			isa = PBXGroup;
			children = (
				F247DF521A128FDD00A875D2 /* Info.plist */,
			);
			name = "Supporting Files";
			sourceTree = "<group>";
		};
		F247DF5D1A12900800A875D2 /* 99RedBalloonsAssets */ = {
			isa = PBXGroup;
			children = (
				F247DF5E1A12900800A875D2 /* BerlinTVTower.jpg */,
				F247DF5F1A12900800A875D2 /* RedBalloon1.jpg */,
				F247DF601A12900800A875D2 /* RedBalloon2.jpg */,
				F247DF611A12900800A875D2 /* RedBalloon3.jpg */,
				F247DF621A12900800A875D2 /* RedBalloon4.jpg */,
			);
			path = 99RedBalloonsAssets;
			sourceTree = "<group>";
		};
/* End PBXGroup section */

/* Begin PBXNativeTarget section */
		F247DF371A128FDD00A875D2 /* 99RedBalloons */ = {
			isa = PBXNativeTarget;
			buildConfigurationList = F247DF571A128FDD00A875D2 /* Build configuration list for PBXNativeTarget "99RedBalloons" */;
			buildPhases = (
				F247DF341A128FDD00A875D2 /* Sources */,
				F247DF351A128FDD00A875D2 /* Frameworks */,
				F247DF361A128FDD00A875D2 /* Resources */,
			);
			buildRules = (
			);
			dependencies = (
			);
			name = 99RedBalloons;
			productName = 99RedBalloons;
			productReference = F247DF381A128FDD00A875D2 /* 99RedBalloons.app */;
			productType = "com.apple.product-type.application";
		};
		F247DF4C1A128FDD00A875D2 /* 99RedBalloonsTests */ = {
			isa = PBXNativeTarget;
			buildConfigurationList = F247DF5A1A128FDD00A875D2 /* Build configuration list for PBXNativeTarget "99RedBalloonsTests" */;
			buildPhases = (
				F247DF491A128FDD00A875D2 /* Sources */,
				F247DF4A1A128FDD00A875D2 /* Frameworks */,
				F247DF4B1A128FDD00A875D2 /* Resources */,
			);
			buildRules = (
			);
			dependencies = (
				F247DF4F1A128FDD00A875D2 /* PBXTargetDependency */,
			);
			name = 99RedBalloonsTests;
			productName = 99RedBalloonsTests;
			productReference = F247DF4D1A128FDD00A875D2 /* 99RedBalloonsTests.xctest */;
			productType = "com.apple.product-type.bundle.unit-test";
		};
/* End PBXNativeTarget section */

/* Begin PBXProject section */
		F247DF301A128FDD00A875D2 /* Project object */ = {
			isa = PBXProject;
			attributes = {
				LastUpgradeCheck = 0600;
				ORGANIZATIONNAME = cornFalkes;
				TargetAttributes = {
					F247DF371A128FDD00A875D2 = {
						CreatedOnToolsVersion = 6.0;
					};
					F247DF4C1A128FDD00A875D2 = {
						CreatedOnToolsVersion = 6.0;
						TestTargetID = F247DF371A128FDD00A875D2;
					};
				};
			};
			buildConfigurationList = F247DF331A128FDD00A875D2 /* Build configuration list for PBXProject "99RedBalloons" */;
			compatibilityVersion = "Xcode 3.2";
			developmentRegion = English;
			hasScannedForEncodings = 0;
			knownRegions = (
				en,
				Base,
			);
			mainGroup = F247DF2F1A128FDD00A875D2;
			productRefGroup = F247DF391A128FDD00A875D2 /* Products */;
			projectDirPath = "";
			projectRoot = "";
			targets = (
				F247DF371A128FDD00A875D2 /* 99RedBalloons */,
				F247DF4C1A128FDD00A875D2 /* 99RedBalloonsTests */,
			);
		};
/* End PBXProject section */

/* Begin PBXResourcesBuildPhase section */
		F247DF361A128FDD00A875D2 /* Resources */ = {
			isa = PBXResourcesBuildPhase;
			buildActionMask = 2147483647;
			files = (
				F247DF651A12900800A875D2 /* RedBalloon2.jpg in Resources */,
				F247DF431A128FDD00A875D2 /* Main.storyboard in Resources */,
				F247DF661A12900800A875D2 /* RedBalloon3.jpg in Resources */,
				F247DF481A128FDD00A875D2 /* LaunchScreen.xib in Resources */,
				F247DF671A12900800A875D2 /* RedBalloon4.jpg in Resources */,
				F247DF451A128FDD00A875D2 /* Images.xcassets in Resources */,
				F247DF641A12900800A875D2 /* RedBalloon1.jpg in Resources */,
				F247DF631A12900800A875D2 /* BerlinTVTower.jpg in Resources */,
			);
			runOnlyForDeploymentPostprocessing = 0;
		};
		F247DF4B1A128FDD00A875D2 /* Resources */ = {
			isa = PBXResourcesBuildPhase;
			buildActionMask = 2147483647;
			files = (
			);
			runOnlyForDeploymentPostprocessing = 0;
		};
/* End PBXResourcesBuildPhase section */

/* Begin PBXSourcesBuildPhase section */
		F247DF341A128FDD00A875D2 /* Sources */ = {
			isa = PBXSourcesBuildPhase;
			buildActionMask = 2147483647;
			files = (
				F247DF691A1290E300A875D2 /* Balloons99.swift in Sources */,
				F247DF401A128FDD00A875D2 /* ViewController.swift in Sources */,
				F247DF3E1A128FDD00A875D2 /* AppDelegate.swift in Sources */,
			);
			runOnlyForDeploymentPostprocessing = 0;
		};
		F247DF491A128FDD00A875D2 /* Sources */ = {
			isa = PBXSourcesBuildPhase;
			buildActionMask = 2147483647;
			files = (
				F247DF541A128FDD00A875D2 /* _9RedBalloonsTests.swift in Sources */,
			);
			runOnlyForDeploymentPostprocessing = 0;
		};
/* End PBXSourcesBuildPhase section */

/* Begin PBXTargetDependency section */
		F247DF4F1A128FDD00A875D2 /* PBXTargetDependency */ = {
			isa = PBXTargetDependency;
			target = F247DF371A128FDD00A875D2 /* 99RedBalloons */;
			targetProxy = F247DF4E1A128FDD00A875D2 /* PBXContainerItemProxy */;
		};
/* End PBXTargetDependency section */

/* Begin PBXVariantGroup section */
		F247DF411A128FDD00A875D2 /* Main.storyboard */ = {
			isa = PBXVariantGroup;
			children = (
				F247DF421A128FDD00A875D2 /* Base */,
			);
			name = Main.storyboard;
			sourceTree = "<group>";
		};
		F247DF461A128FDD00A875D2 /* LaunchScreen.xib */ = {
			isa = PBXVariantGroup;
			children = (
				F247DF471A128FDD00A875D2 /* Base */,
			);
			name = LaunchScreen.xib;
			sourceTree = "<group>";
		};
/* End PBXVariantGroup section */

/* Begin XCBuildConfiguration section */
		F247DF551A128FDD00A875D2 /* Debug */ = {
			isa = XCBuildConfiguration;
			buildSettings = {
				ALWAYS_SEARCH_USER_PATHS = NO;
				CLANG_CXX_LANGUAGE_STANDARD = "gnu++0x";
				CLANG_CXX_LIBRARY = "libc++";
				CLANG_ENABLE_MODULES = YES;
				CLANG_ENABLE_OBJC_ARC = YES;
				CLANG_WARN_BOOL_CONVERSION = YES;
				CLANG_WARN_CONSTANT_CONVERSION = YES;
				CLANG_WARN_DIRECT_OBJC_ISA_USAGE = YES_ERROR;
				CLANG_WARN_EMPTY_BODY = YES;
				CLANG_WARN_ENUM_CONVERSION = YES;
				CLANG_WARN_INT_CONVERSION = YES;
				CLANG_WARN_OBJC_ROOT_CLASS = YES_ERROR;
				CLANG_WARN_UNREACHABLE_CODE = YES;
				CLANG_WARN__DUPLICATE_METHOD_MATCH = YES;
				"CODE_SIGN_IDENTITY[sdk=iphoneos*]" = "iPhone Developer";
				COPY_PHASE_STRIP = NO;
				ENABLE_STRICT_OBJC_MSGSEND = YES;
				GCC_C_LANGUAGE_STANDARD = gnu99;
				GCC_DYNAMIC_NO_PIC = NO;
				GCC_OPTIMIZATION_LEVEL = 0;
				GCC_PREPROCESSOR_DEFINITIONS = (
					"DEBUG=1",
					"$(inherited)",
				);
				GCC_SYMBOLS_PRIVATE_EXTERN = NO;
				GCC_WARN_64_TO_32_BIT_CONVERSION = YES;
				GCC_WARN_ABOUT_RETURN_TYPE = YES_ERROR;
				GCC_WARN_UNDECLARED_SELECTOR = YES;
				GCC_WARN_UNINITIALIZED_AUTOS = YES_AGGRESSIVE;
				GCC_WARN_UNUSED_FUNCTION = YES;
				GCC_WARN_UNUSED_VARIABLE = YES;
				IPHONEOS_DEPLOYMENT_TARGET = 8.0;
				MTL_ENABLE_DEBUG_INFO = YES;
				ONLY_ACTIVE_ARCH = YES;
				SDKROOT = iphoneos;
				SWIFT_OPTIMIZATION_LEVEL = "-Onone";
			};
			name = Debug;
		};
		F247DF561A128FDD00A875D2 /* Release */ = {
			isa = XCBuildConfiguration;
			buildSettings = {
				ALWAYS_SEARCH_USER_PATHS = NO;
				CLANG_CXX_LANGUAGE_STANDARD = "gnu++0x";
				CLANG_CXX_LIBRARY = "libc++";
				CLANG_ENABLE_MODULES = YES;
				CLANG_ENABLE_OBJC_ARC = YES;
				CLANG_WARN_BOOL_CONVERSION = YES;
				CLANG_WARN_CONSTANT_CONVERSION = YES;
				CLANG_WARN_DIRECT_OBJC_ISA_USAGE = YES_ERROR;
				CLANG_WARN_EMPTY_BODY = YES;
				CLANG_WARN_ENUM_CONVERSION = YES;
				CLANG_WARN_INT_CONVERSION = YES;
				CLANG_WARN_OBJC_ROOT_CLASS = YES_ERROR;
				CLANG_WARN_UNREACHABLE_CODE = YES;
				CLANG_WARN__DUPLICATE_METHOD_MATCH = YES;
				"CODE_SIGN_IDENTITY[sdk=iphoneos*]" = "iPhone Developer";
				COPY_PHASE_STRIP = YES;
				ENABLE_NS_ASSERTIONS = NO;
				ENABLE_STRICT_OBJC_MSGSEND = YES;
				GCC_C_LANGUAGE_STANDARD = gnu99;
				GCC_WARN_64_TO_32_BIT_CONVERSION = YES;
				GCC_WARN_ABOUT_RETURN_TYPE = YES_ERROR;
				GCC_WARN_UNDECLARED_SELECTOR = YES;
				GCC_WARN_UNINITIALIZED_AUTOS = YES_AGGRESSIVE;
				GCC_WARN_UNUSED_FUNCTION = YES;
				GCC_WARN_UNUSED_VARIABLE = YES;
				IPHONEOS_DEPLOYMENT_TARGET = 8.0;
				MTL_ENABLE_DEBUG_INFO = NO;
				SDKROOT = iphoneos;
				VALIDATE_PRODUCT = YES;
			};
			name = Release;
		};
		F247DF581A128FDD00A875D2 /* Debug */ = {
			isa = XCBuildConfiguration;
			buildSettings = {
				ASSETCATALOG_COMPILER_APPICON_NAME = AppIcon;
				INFOPLIST_FILE = 99RedBalloons/Info.plist;
				LD_RUNPATH_SEARCH_PATHS = "$(inherited) @executable_path/Frameworks";
				PRODUCT_NAME = "$(TARGET_NAME)";
			};
			name = Debug;
		};
		F247DF591A128FDD00A875D2 /* Release */ = {
			isa = XCBuildConfiguration;
			buildSettings = {
				ASSETCATALOG_COMPILER_APPICON_NAME = AppIcon;
				INFOPLIST_FILE = 99RedBalloons/Info.plist;
				LD_RUNPATH_SEARCH_PATHS = "$(inherited) @executable_path/Frameworks";
				PRODUCT_NAME = "$(TARGET_NAME)";
			};
			name = Release;
		};
		F247DF5B1A128FDD00A875D2 /* Debug */ = {
			isa = XCBuildConfiguration;
			buildSettings = {
				BUNDLE_LOADER = "$(TEST_HOST)";
				FRAMEWORK_SEARCH_PATHS = (
					"$(SDKROOT)/Developer/Library/Frameworks",
					"$(inherited)",
				);
				GCC_PREPROCESSOR_DEFINITIONS = (
					"DEBUG=1",
					"$(inherited)",
				);
				INFOPLIST_FILE = 99RedBalloonsTests/Info.plist;
				LD_RUNPATH_SEARCH_PATHS = "$(inherited) @executable_path/Frameworks @loader_path/Frameworks";
				PRODUCT_NAME = "$(TARGET_NAME)";
				TEST_HOST = "$(BUILT_PRODUCTS_DIR)/99RedBalloons.app/99RedBalloons";
			};
			name = Debug;
		};
		F247DF5C1A128FDD00A875D2 /* Release */ = {
			isa = XCBuildConfiguration;
			buildSettings = {
				BUNDLE_LOADER = "$(TEST_HOST)";
				FRAMEWORK_SEARCH_PATHS = (
					"$(SDKROOT)/Developer/Library/Frameworks",
					"$(inherited)",
				);
				INFOPLIST_FILE = 99RedBalloonsTests/Info.plist;
				LD_RUNPATH_SEARCH_PATHS = "$(inherited) @executable_path/Frameworks @loader_path/Frameworks";
				PRODUCT_NAME = "$(TARGET_NAME)";
				TEST_HOST = "$(BUILT_PRODUCTS_DIR)/99RedBalloons.app/99RedBalloons";
			};
			name = Release;
		};
/* End XCBuildConfiguration section */

/* Begin XCConfigurationList section */
		F247DF331A128FDD00A875D2 /* Build configuration list for PBXProject "99RedBalloons" */ = {
			isa = XCConfigurationList;
			buildConfigurations = (
				F247DF551A128FDD00A875D2 /* Debug */,
				F247DF561A128FDD00A875D2 /* Release */,
			);
			defaultConfigurationIsVisible = 0;
			defaultConfigurationName = Release;
		};
		F247DF571A128FDD00A875D2 /* Build configuration list for PBXNativeTarget "99RedBalloons" */ = {
			isa = XCConfigurationList;
			buildConfigurations = (
				F247DF581A128FDD00A875D2 /* Debug */,
				F247DF591A128FDD00A875D2 /* Release */,
			);
			defaultConfigurationIsVisible = 0;
		};
		F247DF5A1A128FDD00A875D2 /* Build configuration list for PBXNativeTarget "99RedBalloonsTests" */ = {
			isa = XCConfigurationList;
			buildConfigurations = (
				F247DF5B1A128FDD00A875D2 /* Debug */,
				F247DF5C1A128FDD00A875D2 /* Release */,
			);
			defaultConfigurationIsVisible = 0;
		};
/* End XCConfigurationList section */
	};
	rootObject = F247DF301A128FDD00A875D2 /* Project object */;
}
